
Microsoft Visual Studio Solution File, Format Version 12.00
# Visual Studio Version 17
VisualStudioVersion = 17.1.32210.238
MinimumVisualStudioVersion = 10.0.40219.1
Project("{FAE04EC0-301F-11D3-BF4B-00C04F79EFBC}") = "combobox", "combobox\combobox.csproj", "{A3C154F3-CF41-4867-A817-E43407667073}"
EndProject
Global
	GlobalSection(SolutionConfigurationPlatforms) = preSolution
		Debug|Any CPU = Debug|Any CPU
		Release|Any CPU = Release|Any CPU
	EndGlobalSection
	GlobalSection(ProjectConfigurationPlatforms) = postSolution
		{A3C154F3-CF41-4867-A817-E43407667073}.Debug|Any CPU.ActiveCfg = Debug|Any CPU
		{A3C154F3-CF41-4867-A817-E43407667073}.Debug|Any CPU.Build.0 = Debug|Any CPU
		{A3C154F3-CF41-4867-A817-E43407667073}.Release|Any CPU.ActiveCfg = Release|Any CPU
		{A3C154F3-CF41-4867-A817-E43407667073}.Release|Any CPU.Build.0 = Release|Any CPU
	EndGlobalSection
	GlobalSection(SolutionProperties) = preSolution
		HideSolutionNode = FALSE
	EndGlobalSection
	GlobalSection(ExtensibilityGlobals) = postSolution
		SolutionGuid = {75E72466-500C-41FA-8963-A00DFBFD26EB}
	EndGlobalSection
EndGlobal
